
Microsoft Visual Studio Solution File, Format Version 12.00
# Visual Studio Version 17
VisualStudioVersion = 17.11.35327.3
MinimumVisualStudioVersion = 10.0.40219.1
Project("{FAE04EC0-301F-11D3-BF4B-00C04F79EFBC}") = "Odev2_Bochra", "Odev2_Bochra\Odev2_Bochra.csproj", "{897E019F-CE83-449D-83DD-86D4A4517327}"
EndProject
Global
	GlobalSection(SolutionConfigurationPlatforms) = preSolution
		Debug|Any CPU = Debug|Any CPU
		Release|Any CPU = Release|Any CPU
	EndGlobalSection
	GlobalSection(ProjectConfigurationPlatforms) = postSolution
		{897E019F-CE83-449D-83DD-86D4A4517327}.Debug|Any CPU.ActiveCfg = Debug|Any CPU
		{897E019F-CE83-449D-83DD-86D4A4517327}.Debug|Any CPU.Build.0 = Debug|Any CPU
		{897E019F-CE83-449D-83DD-86D4A4517327}.Debug|Any CPU.Deploy.0 = Debug|Any CPU
		{897E019F-CE83-449D-83DD-86D4A4517327}.Release|Any CPU.ActiveCfg = Release|Any CPU
		{897E019F-CE83-449D-83DD-86D4A4517327}.Release|Any CPU.Build.0 = Release|Any CPU
		{897E019F-CE83-449D-83DD-86D4A4517327}.Release|Any CPU.Deploy.0 = Release|Any CPU
	EndGlobalSection
	GlobalSection(SolutionProperties) = preSolution
		HideSolutionNode = FALSE
	EndGlobalSection
	GlobalSection(ExtensibilityGlobals) = postSolution
		SolutionGuid = {CC180331-7DCC-4AB6-8EC9-8478130A115C}
	EndGlobalSection
EndGlobal
